// !$*UTF8*$!
{
	archiveVersion = 1;
	classes = {
	};
	objectVersion = 55;
	objects = {

/* Begin PBXBuildFile section */
		6818980927B93B4400586B67 /* DataManager.swift in Sources */ = {isa = PBXBuildFile; fileRef = 6818980827B93B4400586B67 /* DataManager.swift */; };
		683DF63B27BE80F3007AEB91 /* NoteDetailViewController.swift in Sources */ = {isa = PBXBuildFile; fileRef = 683DF63A27BE80F3007AEB91 /* NoteDetailViewController.swift */; };
		687362BB27B152D7003D1D8B /* AppDelegate.swift in Sources */ = {isa = PBXBuildFile; fileRef = 687362BA27B152D7003D1D8B /* AppDelegate.swift */; };
		687362BD27B152D7003D1D8B /* SceneDelegate.swift in Sources */ = {isa = PBXBuildFile; fileRef = 687362BC27B152D7003D1D8B /* SceneDelegate.swift */; };
		687362BF27B152D7003D1D8B /* ViewController.swift in Sources */ = {isa = PBXBuildFile; fileRef = 687362BE27B152D7003D1D8B /* ViewController.swift */; };
		687362C227B152D7003D1D8B /* Main.storyboard in Resources */ = {isa = PBXBuildFile; fileRef = 687362C027B152D7003D1D8B /* Main.storyboard */; };
		687362C527B152D7003D1D8B /* Notepad.xcdatamodeld in Sources */ = {isa = PBXBuildFile; fileRef = 687362C327B152D7003D1D8B /* Notepad.xcdatamodeld */; };
		687362C727B152D9003D1D8B /* Assets.xcassets in Resources */ = {isa = PBXBuildFile; fileRef = 687362C627B152D9003D1D8B /* Assets.xcassets */; };
		687362CA27B152D9003D1D8B /* LaunchScreen.storyboard in Resources */ = {isa = PBXBuildFile; fileRef = 687362C827B152D9003D1D8B /* LaunchScreen.storyboard */; };
		687362D527B152D9003D1D8B /* NotepadTests.swift in Sources */ = {isa = PBXBuildFile; fileRef = 687362D427B152D9003D1D8B /* NotepadTests.swift */; };
		687362DF27B152D9003D1D8B /* NotepadUITests.swift in Sources */ = {isa = PBXBuildFile; fileRef = 687362DE27B152D9003D1D8B /* NotepadUITests.swift */; };
		687362E127B152D9003D1D8B /* NotepadUITestsLaunchTests.swift in Sources */ = {isa = PBXBuildFile; fileRef = 687362E027B152D9003D1D8B /* NotepadUITestsLaunchTests.swift */; };
		6874D79A27BA82FB00C3C8A8 /* NoteModel.swift in Sources */ = {isa = PBXBuildFile; fileRef = 6874D79927BA82FB00C3C8A8 /* NoteModel.swift */; };
		6874D79C27BA843900C3C8A8 /* NoteListViewController.swift in Sources */ = {isa = PBXBuildFile; fileRef = 6874D79B27BA843900C3C8A8 /* NoteListViewController.swift */; };
		68CEA51D27B7EB1900A9A970 /* GroupListView.swift in Sources */ = {isa = PBXBuildFile; fileRef = 68CEA51C27B7EB1900A9A970 /* GroupListView.swift */; };
		68D39DAE27BBD3B8004C9816 /* UIColorExt.swift in Sources */ = {isa = PBXBuildFile; fileRef = 68D39DAD27BBD3B8004C9816 /* UIColorExt.swift */; };
		68D39DB027BBDE1B004C9816 /* MyNavigationController.swift in Sources */ = {isa = PBXBuildFile; fileRef = 68D39DAF27BBDE1B004C9816 /* MyNavigationController.swift */; };
		A49AD128EC08CF755832F589 /* Pods_Notepad.framework in Frameworks */ = {isa = PBXBuildFile; fileRef = 8C9BCFFA3E3093055733D5A5 /* Pods_Notepad.framework */; };
/* End PBXBuildFile section */

/* Begin PBXContainerItemProxy section */
		687362D127B152D9003D1D8B /* PBXContainerItemProxy */ = {
			isa = PBXContainerItemProxy;
			containerPortal = 687362AF27B152D7003D1D8B /* Project object */;
			proxyType = 1;
			remoteGlobalIDString = 687362B627B152D7003D1D8B;
			remoteInfo = Notepad;
		};
		687362DB27B152D9003D1D8B /* PBXContainerItemProxy */ = {
			isa = PBXContainerItemProxy;
			containerPortal = 687362AF27B152D7003D1D8B /* Project object */;
			proxyType = 1;
			remoteGlobalIDString = 687362B627B152D7003D1D8B;
			remoteInfo = Notepad;
		};
/* End PBXContainerItemProxy section */

/* Begin PBXFileReference section */
		6818980827B93B4400586B67 /* DataManager.swift */ = {isa = PBXFileReference; lastKnownFileType = sourcecode.swift; path = DataManager.swift; sourceTree = "<group>"; };
		683DF63A27BE80F3007AEB91 /* NoteDetailViewController.swift */ = {isa = PBXFileReference; lastKnownFileType = sourcecode.swift; path = NoteDetailViewController.swift; sourceTree = "<group>"; };
		687362B727B152D7003D1D8B /* Notepad.app */ = {isa = PBXFileReference; explicitFileType = wrapper.application; includeInIndex = 0; path = Notepad.app; sourceTree = BUILT_PRODUCTS_DIR; };
		687362BA27B152D7003D1D8B /* AppDelegate.swift */ = {isa = PBXFileReference; lastKnownFileType = sourcecode.swift; path = AppDelegate.swift; sourceTree = "<group>"; };
		687362BC27B152D7003D1D8B /* SceneDelegate.swift */ = {isa = PBXFileReference; lastKnownFileType = sourcecode.swift; path = SceneDelegate.swift; sourceTree = "<group>"; };
		687362BE27B152D7003D1D8B /* ViewController.swift */ = {isa = PBXFileReference; lastKnownFileType = sourcecode.swift; path = ViewController.swift; sourceTree = "<group>"; };
		687362C127B152D7003D1D8B /* Base */ = {isa = PBXFileReference; lastKnownFileType = file.storyboard; name = Base; path = Base.lproj/Main.storyboard; sourceTree = "<group>"; };
		687362C427B152D7003D1D8B /* Notepad.xcdatamodel */ = {isa = PBXFileReference; lastKnownFileType = wrapper.xcdatamodel; path = Notepad.xcdatamodel; sourceTree = "<group>"; };
		687362C627B152D9003D1D8B /* Assets.xcassets */ = {isa = PBXFileReference; lastKnownFileType = folder.assetcatalog; path = Assets.xcassets; sourceTree = "<group>"; };
		687362C927B152D9003D1D8B /* Base */ = {isa = PBXFileReference; lastKnownFileType = file.storyboard; name = Base; path = Base.lproj/LaunchScreen.storyboard; sourceTree = "<group>"; };
		687362CB27B152D9003D1D8B /* Info.plist */ = {isa = PBXFileReference; lastKnownFileType = text.plist.xml; path = Info.plist; sourceTree = "<group>"; };
		687362D027B152D9003D1D8B /* NotepadTests.xctest */ = {isa = PBXFileReference; explicitFileType = wrapper.cfbundle; includeInIndex = 0; path = NotepadTests.xctest; sourceTree = BUILT_PRODUCTS_DIR; };
		687362D427B152D9003D1D8B /* NotepadTests.swift */ = {isa = PBXFileReference; lastKnownFileType = sourcecode.swift; path = NotepadTests.swift; sourceTree = "<group>"; };
		687362DA27B152D9003D1D8B /* NotepadUITests.xctest */ = {isa = PBXFileReference; explicitFileType = wrapper.cfbundle; includeInIndex = 0; path = NotepadUITests.xctest; sourceTree = BUILT_PRODUCTS_DIR; };
		687362DE27B152D9003D1D8B /* NotepadUITests.swift */ = {isa = PBXFileReference; lastKnownFileType = sourcecode.swift; path = NotepadUITests.swift; sourceTree = "<group>"; };
		687362E027B152D9003D1D8B /* NotepadUITestsLaunchTests.swift */ = {isa = PBXFileReference; lastKnownFileType = sourcecode.swift; path = NotepadUITestsLaunchTests.swift; sourceTree = "<group>"; };
		6874D79927BA82FB00C3C8A8 /* NoteModel.swift */ = {isa = PBXFileReference; lastKnownFileType = sourcecode.swift; path = NoteModel.swift; sourceTree = "<group>"; };
		6874D79B27BA843900C3C8A8 /* NoteListViewController.swift */ = {isa = PBXFileReference; lastKnownFileType = sourcecode.swift; path = NoteListViewController.swift; sourceTree = "<group>"; };
		68CEA51C27B7EB1900A9A970 /* GroupListView.swift */ = {isa = PBXFileReference; lastKnownFileType = sourcecode.swift; path = GroupListView.swift; sourceTree = "<group>"; };
		68D39DAD27BBD3B8004C9816 /* UIColorExt.swift */ = {isa = PBXFileReference; lastKnownFileType = sourcecode.swift; path = UIColorExt.swift; sourceTree = "<group>"; };
		68D39DAF27BBDE1B004C9816 /* MyNavigationController.swift */ = {isa = PBXFileReference; lastKnownFileType = sourcecode.swift; path = MyNavigationController.swift; sourceTree = "<group>"; };
		7AE0D622043143A6FC49D5CD /* Pods-Notepad.debug.xcconfig */ = {isa = PBXFileReference; includeInIndex = 1; lastKnownFileType = text.xcconfig; name = "Pods-Notepad.debug.xcconfig"; path = "Target Support Files/Pods-Notepad/Pods-Notepad.debug.xcconfig"; sourceTree = "<group>"; };
		8C9BCFFA3E3093055733D5A5 /* Pods_Notepad.framework */ = {isa = PBXFileReference; explicitFileType = wrapper.framework; includeInIndex = 0; path = Pods_Notepad.framework; sourceTree = BUILT_PRODUCTS_DIR; };
		ACEA4DE48D143669DE3BB491 /* Pods-Notepad.release.xcconfig */ = {isa = PBXFileReference; includeInIndex = 1; lastKnownFileType = text.xcconfig; name = "Pods-Notepad.release.xcconfig"; path = "Target Support Files/Pods-Notepad/Pods-Notepad.release.xcconfig"; sourceTree = "<group>"; };
/* End PBXFileReference section */

/* Begin PBXFrameworksBuildPhase section */
		687362B427B152D7003D1D8B /* Frameworks */ = {
			isa = PBXFrameworksBuildPhase;
			buildActionMask = 2147483647;
			files = (
				A49AD128EC08CF755832F589 /* Pods_Notepad.framework in Frameworks */,
			);
			runOnlyForDeploymentPostprocessing = 0;
		};
		687362CD27B152D9003D1D8B /* Frameworks */ = {
			isa = PBXFrameworksBuildPhase;
			buildActionMask = 2147483647;
			files = (
			);
			runOnlyForDeploymentPostprocessing = 0;
		};
		687362D727B152D9003D1D8B /* Frameworks */ = {
			isa = PBXFrameworksBuildPhase;
			buildActionMask = 2147483647;
			files = (
			);
			runOnlyForDeploymentPostprocessing = 0;
		};
/* End PBXFrameworksBuildPhase section */

/* Begin PBXGroup section */
		55C12BD59DFEEBDE1BA97415 /* Pods */ = {
			isa = PBXGroup;
			children = (
				7AE0D622043143A6FC49D5CD /* Pods-Notepad.debug.xcconfig */,
				ACEA4DE48D143669DE3BB491 /* Pods-Notepad.release.xcconfig */,
			);
			path = Pods;
			sourceTree = "<group>";
		};
		687362AE27B152D7003D1D8B = {
			isa = PBXGroup;
			children = (
				687362B927B152D7003D1D8B /* Notepad */,
				687362D327B152D9003D1D8B /* NotepadTests */,
				687362DD27B152D9003D1D8B /* NotepadUITests */,
				687362B827B152D7003D1D8B /* Products */,
				55C12BD59DFEEBDE1BA97415 /* Pods */,
				B4B0141F50084C0EC41ABBD8 /* Frameworks */,
			);
			sourceTree = "<group>";
		};
		687362B827B152D7003D1D8B /* Products */ = {
			isa = PBXGroup;
			children = (
				687362B727B152D7003D1D8B /* Notepad.app */,
				687362D027B152D9003D1D8B /* NotepadTests.xctest */,
				687362DA27B152D9003D1D8B /* NotepadUITests.xctest */,
			);
			name = Products;
			sourceTree = "<group>";
		};
		687362B927B152D7003D1D8B /* Notepad */ = {
			isa = PBXGroup;
			children = (
				687362BA27B152D7003D1D8B /* AppDelegate.swift */,
				687362BC27B152D7003D1D8B /* SceneDelegate.swift */,
				687362BE27B152D7003D1D8B /* ViewController.swift */,
				68CEA51C27B7EB1900A9A970 /* GroupListView.swift */,
				687362C027B152D7003D1D8B /* Main.storyboard */,
				687362C627B152D9003D1D8B /* Assets.xcassets */,
				687362C827B152D9003D1D8B /* LaunchScreen.storyboard */,
				687362CB27B152D9003D1D8B /* Info.plist */,
				687362C327B152D7003D1D8B /* Notepad.xcdatamodeld */,
				6818980827B93B4400586B67 /* DataManager.swift */,
				6874D79927BA82FB00C3C8A8 /* NoteModel.swift */,
				6874D79B27BA843900C3C8A8 /* NoteListViewController.swift */,
				68D39DAD27BBD3B8004C9816 /* UIColorExt.swift */,
				68D39DAF27BBDE1B004C9816 /* MyNavigationController.swift */,
				683DF63A27BE80F3007AEB91 /* NoteDetailViewController.swift */,
			);
			path = Notepad;
			sourceTree = "<group>";
		};
		687362D327B152D9003D1D8B /* NotepadTests */ = {
			isa = PBXGroup;
			children = (
				687362D427B152D9003D1D8B /* NotepadTests.swift */,
			);
			path = NotepadTests;
			sourceTree = "<group>";
		};
		687362DD27B152D9003D1D8B /* NotepadUITests */ = {
			isa = PBXGroup;
			children = (
				687362DE27B152D9003D1D8B /* NotepadUITests.swift */,
				687362E027B152D9003D1D8B /* NotepadUITestsLaunchTests.swift */,
			);
			path = NotepadUITests;
			sourceTree = "<group>";
		};
		B4B0141F50084C0EC41ABBD8 /* Frameworks */ = {
			isa = PBXGroup;
			children = (
				8C9BCFFA3E3093055733D5A5 /* Pods_Notepad.framework */,
			);
			name = Frameworks;
			sourceTree = "<group>";
		};
/* End PBXGroup section */

/* Begin PBXNativeTarget section */
		687362B627B152D7003D1D8B /* Notepad */ = {
			isa = PBXNativeTarget;
			buildConfigurationList = 687362E427B152D9003D1D8B /* Build configuration list for PBXNativeTarget "Notepad" */;
			buildPhases = (
				685DD633AEDDC9B8043BD315 /* [CP] Check Pods Manifest.lock */,
				687362B327B152D7003D1D8B /* Sources */,
				687362B427B152D7003D1D8B /* Frameworks */,
				687362B527B152D7003D1D8B /* Resources */,
				03BE36D77127956F2BEF9766 /* [CP] Embed Pods Frameworks */,
			);
			buildRules = (
			);
			dependencies = (
			);
			name = Notepad;
			productName = Notepad;
			productReference = 687362B727B152D7003D1D8B /* Notepad.app */;
			productType = "com.apple.product-type.application";
		};
		687362CF27B152D9003D1D8B /* NotepadTests */ = {
			isa = PBXNativeTarget;
			buildConfigurationList = 687362E727B152D9003D1D8B /* Build configuration list for PBXNativeTarget "NotepadTests" */;
			buildPhases = (
				687362CC27B152D9003D1D8B /* Sources */,
				687362CD27B152D9003D1D8B /* Frameworks */,
				687362CE27B152D9003D1D8B /* Resources */,
			);
			buildRules = (
			);
			dependencies = (
				687362D227B152D9003D1D8B /* PBXTargetDependency */,
			);
			name = NotepadTests;
			productName = NotepadTests;
			productReference = 687362D027B152D9003D1D8B /* NotepadTests.xctest */;
			productType = "com.apple.product-type.bundle.unit-test";
		};
		687362D927B152D9003D1D8B /* NotepadUITests */ = {
			isa = PBXNativeTarget;
			buildConfigurationList = 687362EA27B152D9003D1D8B /* Build configuration list for PBXNativeTarget "NotepadUITests" */;
			buildPhases = (
				687362D627B152D9003D1D8B /* Sources */,
				687362D727B152D9003D1D8B /* Frameworks */,
				687362D827B152D9003D1D8B /* Resources */,
			);
			buildRules = (
			);
			dependencies = (
				687362DC27B152D9003D1D8B /* PBXTargetDependency */,
			);
			name = NotepadUITests;
			productName = NotepadUITests;
			productReference = 687362DA27B152D9003D1D8B /* NotepadUITests.xctest */;
			productType = "com.apple.product-type.bundle.ui-testing";
		};
/* End PBXNativeTarget section */

/* Begin PBXProject section */
		687362AF27B152D7003D1D8B /* Project object */ = {
			isa = PBXProject;
			attributes = {
				BuildIndependentTargetsInParallel = 1;
				LastSwiftUpdateCheck = 1320;
				LastUpgradeCheck = 1320;
				TargetAttributes = {
					687362B627B152D7003D1D8B = {
						CreatedOnToolsVersion = 13.2.1;
					};
					687362CF27B152D9003D1D8B = {
						CreatedOnToolsVersion = 13.2.1;
						TestTargetID = 687362B627B152D7003D1D8B;
					};
					687362D927B152D9003D1D8B = {
						CreatedOnToolsVersion = 13.2.1;
						TestTargetID = 687362B627B152D7003D1D8B;
					};
				};
			};
			buildConfigurationList = 687362B227B152D7003D1D8B /* Build configuration list for PBXProject "Notepad" */;
			compatibilityVersion = "Xcode 13.0";
			developmentRegion = en;
			hasScannedForEncodings = 0;
			knownRegions = (
				en,
				Base,
			);
			mainGroup = 687362AE27B152D7003D1D8B;
			productRefGroup = 687362B827B152D7003D1D8B /* Products */;
			projectDirPath = "";
			projectRoot = "";
			targets = (
				687362B627B152D7003D1D8B /* Notepad */,
				687362CF27B152D9003D1D8B /* NotepadTests */,
				687362D927B152D9003D1D8B /* NotepadUITests */,
			);
		};
/* End PBXProject section */

/* Begin PBXResourcesBuildPhase section */
		687362B527B152D7003D1D8B /* Resources */ = {
			isa = PBXResourcesBuildPhase;
			buildActionMask = 2147483647;
			files = (
				687362CA27B152D9003D1D8B /* LaunchScreen.storyboard in Resources */,
				687362C727B152D9003D1D8B /* Assets.xcassets in Resources */,
				687362C227B152D7003D1D8B /* Main.storyboard in Resources */,
			);
			runOnlyForDeploymentPostprocessing = 0;
		};
		687362CE27B152D9003D1D8B /* Resources */ = {
			isa = PBXResourcesBuildPhase;
			buildActionMask = 2147483647;
			files = (
			);
			runOnlyForDeploymentPostprocessing = 0;
		};
		687362D827B152D9003D1D8B /* Resources */ = {
			isa = PBXResourcesBuildPhase;
			buildActionMask = 2147483647;
			files = (
			);
			runOnlyForDeploymentPostprocessing = 0;
		};
/* End PBXResourcesBuildPhase section */

/* Begin PBXShellScriptBuildPhase section */
		03BE36D77127956F2BEF9766 /* [CP] Embed Pods Frameworks */ = {
			isa = PBXShellScriptBuildPhase;
			buildActionMask = 2147483647;
			files = (
			);
			inputFileListPaths = (
				"${PODS_ROOT}/Target Support Files/Pods-Notepad/Pods-Notepad-frameworks-${CONFIGURATION}-input-files.xcfilelist",
			);
			name = "[CP] Embed Pods Frameworks";
			outputFileListPaths = (
				"${PODS_ROOT}/Target Support Files/Pods-Notepad/Pods-Notepad-frameworks-${CONFIGURATION}-output-files.xcfilelist",
			);
			runOnlyForDeploymentPostprocessing = 0;
			shellPath = /bin/sh;
			shellScript = "\"${PODS_ROOT}/Target Support Files/Pods-Notepad/Pods-Notepad-frameworks.sh\"\n";
			showEnvVarsInLog = 0;
		};
		685DD633AEDDC9B8043BD315 /* [CP] Check Pods Manifest.lock */ = {
			isa = PBXShellScriptBuildPhase;
			buildActionMask = 2147483647;
			files = (
			);
			inputFileListPaths = (
			);
			inputPaths = (
				"${PODS_PODFILE_DIR_PATH}/Podfile.lock",
				"${PODS_ROOT}/Manifest.lock",
			);
			name = "[CP] Check Pods Manifest.lock";
			outputFileListPaths = (
			);
			outputPaths = (
				"$(DERIVED_FILE_DIR)/Pods-Notepad-checkManifestLockResult.txt",
			);
			runOnlyForDeploymentPostprocessing = 0;
			shellPath = /bin/sh;
			shellScript = "diff \"${PODS_PODFILE_DIR_PATH}/Podfile.lock\" \"${PODS_ROOT}/Manifest.lock\" > /dev/null\nif [ $? != 0 ] ; then\n    # print error to STDERR\n    echo \"error: The sandbox is not in sync with the Podfile.lock. Run 'pod install' or update your CocoaPods installation.\" >&2\n    exit 1\nfi\n# This output is used by Xcode 'outputs' to avoid re-running this script phase.\necho \"SUCCESS\" > \"${SCRIPT_OUTPUT_FILE_0}\"\n";
			showEnvVarsInLog = 0;
		};
/* End PBXShellScriptBuildPhase section */

/* Begin PBXSourcesBuildPhase section */
		687362B327B152D7003D1D8B /* Sources */ = {
			isa = PBXSourcesBuildPhase;
			buildActionMask = 2147483647;
			files = (
				687362BF27B152D7003D1D8B /* ViewController.swift in Sources */,
				6818980927B93B4400586B67 /* DataManager.swift in Sources */,
				6874D79C27BA843900C3C8A8 /* NoteListViewController.swift in Sources */,
				68D39DB027BBDE1B004C9816 /* MyNavigationController.swift in Sources */,
				687362BB27B152D7003D1D8B /* AppDelegate.swift in Sources */,
				6874D79A27BA82FB00C3C8A8 /* NoteModel.swift in Sources */,
				683DF63B27BE80F3007AEB91 /* NoteDetailViewController.swift in Sources */,
				68CEA51D27B7EB1900A9A970 /* GroupListView.swift in Sources */,
				687362BD27B152D7003D1D8B /* SceneDelegate.swift in Sources */,
				68D39DAE27BBD3B8004C9816 /* UIColorExt.swift in Sources */,
				687362C527B152D7003D1D8B /* Notepad.xcdatamodeld in Sources */,
			);
			runOnlyForDeploymentPostprocessing = 0;
		};
		687362CC27B152D9003D1D8B /* Sources */ = {
			isa = PBXSourcesBuildPhase;
			buildActionMask = 2147483647;
			files = (
				687362D527B152D9003D1D8B /* NotepadTests.swift in Sources */,
			);
			runOnlyForDeploymentPostprocessing = 0;
		};
		687362D627B152D9003D1D8B /* Sources */ = {
			isa = PBXSourcesBuildPhase;
			buildActionMask = 2147483647;
			files = (
				687362E127B152D9003D1D8B /* NotepadUITestsLaunchTests.swift in Sources */,
				687362DF27B152D9003D1D8B /* NotepadUITests.swift in Sources */,
			);
			runOnlyForDeploymentPostprocessing = 0;
		};
/* End PBXSourcesBuildPhase section */

/* Begin PBXTargetDependency section */
		687362D227B152D9003D1D8B /* PBXTargetDependency */ = {
			isa = PBXTargetDependency;
			target = 687362B627B152D7003D1D8B /* Notepad */;
			targetProxy = 687362D127B152D9003D1D8B /* PBXContainerItemProxy */;
		};
		687362DC27B152D9003D1D8B /* PBXTargetDependency */ = {
			isa = PBXTargetDependency;
			target = 687362B627B152D7003D1D8B /* Notepad */;
			targetProxy = 687362DB27B152D9003D1D8B /* PBXContainerItemProxy */;
		};
/* End PBXTargetDependency section */

/* Begin PBXVariantGroup section */
		687362C027B152D7003D1D8B /* Main.storyboard */ = {
			isa = PBXVariantGroup;
			children = (
				687362C127B152D7003D1D8B /* Base */,
			);
			name = Main.storyboard;
			sourceTree = "<group>";
		};
		687362C827B152D9003D1D8B /* LaunchScreen.storyboard */ = {
			isa = PBXVariantGroup;
			children = (
				687362C927B152D9003D1D8B /* Base */,
			);
			name = LaunchScreen.storyboard;
			sourceTree = "<group>";
		};
/* End PBXVariantGroup section */

/* Begin XCBuildConfiguration section */
		687362E227B152D9003D1D8B /* Debug */ = {
			isa = XCBuildConfiguration;
			buildSettings = {
				ALWAYS_SEARCH_USER_PATHS = NO;
				CLANG_ANALYZER_NONNULL = YES;
				CLANG_ANALYZER_NUMBER_OBJECT_CONVERSION = YES_AGGRESSIVE;
				CLANG_CXX_LANGUAGE_STANDARD = "gnu++17";
				CLANG_CXX_LIBRARY = "libc++";
				CLANG_ENABLE_MODULES = YES;
				CLANG_ENABLE_OBJC_ARC = YES;
				CLANG_ENABLE_OBJC_WEAK = YES;
				CLANG_WARN_BLOCK_CAPTURE_AUTORELEASING = YES;
				CLANG_WARN_BOOL_CONVERSION = YES;
				CLANG_WARN_COMMA = YES;
				CLANG_WARN_CONSTANT_CONVERSION = YES;
				CLANG_WARN_DEPRECATED_OBJC_IMPLEMENTATIONS = YES;
				CLANG_WARN_DIRECT_OBJC_ISA_USAGE = YES_ERROR;
				CLANG_WARN_DOCUMENTATION_COMMENTS = YES;
				CLANG_WARN_EMPTY_BODY = YES;
				CLANG_WARN_ENUM_CONVERSION = YES;
				CLANG_WARN_INFINITE_RECURSION = YES;
				CLANG_WARN_INT_CONVERSION = YES;
				CLANG_WARN_NON_LITERAL_NULL_CONVERSION = YES;
				CLANG_WARN_OBJC_IMPLICIT_RETAIN_SELF = YES;
				CLANG_WARN_OBJC_LITERAL_CONVERSION = YES;
				CLANG_WARN_OBJC_ROOT_CLASS = YES_ERROR;
				CLANG_WARN_QUOTED_INCLUDE_IN_FRAMEWORK_HEADER = YES;
				CLANG_WARN_RANGE_LOOP_ANALYSIS = YES;
				CLANG_WARN_STRICT_PROTOTYPES = YES;
				CLANG_WARN_SUSPICIOUS_MOVE = YES;
				CLANG_WARN_UNGUARDED_AVAILABILITY = YES_AGGRESSIVE;
				CLANG_WARN_UNREACHABLE_CODE = YES;
				CLANG_WARN__DUPLICATE_METHOD_MATCH = YES;
				COPY_PHASE_STRIP = NO;
				DEBUG_INFORMATION_FORMAT = dwarf;
				ENABLE_STRICT_OBJC_MSGSEND = YES;
				ENABLE_TESTABILITY = YES;
				GCC_C_LANGUAGE_STANDARD = gnu11;
				GCC_DYNAMIC_NO_PIC = NO;
				GCC_NO_COMMON_BLOCKS = YES;
				GCC_OPTIMIZATION_LEVEL = 0;
				GCC_PREPROCESSOR_DEFINITIONS = (
					"DEBUG=1",
					"$(inherited)",
				);
				GCC_WARN_64_TO_32_BIT_CONVERSION = YES;
				GCC_WARN_ABOUT_RETURN_TYPE = YES_ERROR;
				GCC_WARN_UNDECLARED_SELECTOR = YES;
				GCC_WARN_UNINITIALIZED_AUTOS = YES_AGGRESSIVE;
				GCC_WARN_UNUSED_FUNCTION = YES;
				GCC_WARN_UNUSED_VARIABLE = YES;
				IPHONEOS_DEPLOYMENT_TARGET = 15.2;
				MTL_ENABLE_DEBUG_INFO = INCLUDE_SOURCE;
				MTL_FAST_MATH = YES;
				ONLY_ACTIVE_ARCH = YES;
				SDKROOT = iphoneos;
				SWIFT_ACTIVE_COMPILATION_CONDITIONS = DEBUG;
				SWIFT_OPTIMIZATION_LEVEL = "-Onone";
			};
			name = Debug;
		};
		687362E327B152D9003D1D8B /* Release */ = {
			isa = XCBuildConfiguration;
			buildSettings = {
				ALWAYS_SEARCH_USER_PATHS = NO;
				CLANG_ANALYZER_NONNULL = YES;
				CLANG_ANALYZER_NUMBER_OBJECT_CONVERSION = YES_AGGRESSIVE;
				CLANG_CXX_LANGUAGE_STANDARD = "gnu++17";
				CLANG_CXX_LIBRARY = "libc++";
				CLANG_ENABLE_MODULES = YES;
				CLANG_ENABLE_OBJC_ARC = YES;
				CLANG_ENABLE_OBJC_WEAK = YES;
				CLANG_WARN_BLOCK_CAPTURE_AUTORELEASING = YES;
				CLANG_WARN_BOOL_CONVERSION = YES;
				CLANG_WARN_COMMA = YES;
				CLANG_WARN_CONSTANT_CONVERSION = YES;
				CLANG_WARN_DEPRECATED_OBJC_IMPLEMENTATIONS = YES;
				CLANG_WARN_DIRECT_OBJC_ISA_USAGE = YES_ERROR;
				CLANG_WARN_DOCUMENTATION_COMMENTS = YES;
				CLANG_WARN_EMPTY_BODY = YES;
				CLANG_WARN_ENUM_CONVERSION = YES;
				CLANG_WARN_INFINITE_RECURSION = YES;
				CLANG_WARN_INT_CONVERSION = YES;
				CLANG_WARN_NON_LITERAL_NULL_CONVERSION = YES;
				CLANG_WARN_OBJC_IMPLICIT_RETAIN_SELF = YES;
				CLANG_WARN_OBJC_LITERAL_CONVERSION = YES;
				CLANG_WARN_OBJC_ROOT_CLASS = YES_ERROR;
				CLANG_WARN_QUOTED_INCLUDE_IN_FRAMEWORK_HEADER = YES;
				CLANG_WARN_RANGE_LOOP_ANALYSIS = YES;
				CLANG_WARN_STRICT_PROTOTYPES = YES;
				CLANG_WARN_SUSPICIOUS_MOVE = YES;
				CLANG_WARN_UNGUARDED_AVAILABILITY = YES_AGGRESSIVE;
				CLANG_WARN_UNREACHABLE_CODE = YES;
				CLANG_WARN__DUPLICATE_METHOD_MATCH = YES;
				COPY_PHASE_STRIP = NO;
				DEBUG_INFORMATION_FORMAT = "dwarf-with-dsym";
				ENABLE_NS_ASSERTIONS = NO;
				ENABLE_STRICT_OBJC_MSGSEND = YES;
				GCC_C_LANGUAGE_STANDARD = gnu11;
				GCC_NO_COMMON_BLOCKS = YES;
				GCC_WARN_64_TO_32_BIT_CONVERSION = YES;
				GCC_WARN_ABOUT_RETURN_TYPE = YES_ERROR;
				GCC_WARN_UNDECLARED_SELECTOR = YES;
				GCC_WARN_UNINITIALIZED_AUTOS = YES_AGGRESSIVE;
				GCC_WARN_UNUSED_FUNCTION = YES;
				GCC_WARN_UNUSED_VARIABLE = YES;
				IPHONEOS_DEPLOYMENT_TARGET = 15.2;
				MTL_ENABLE_DEBUG_INFO = NO;
				MTL_FAST_MATH = YES;
				SDKROOT = iphoneos;
				SWIFT_COMPILATION_MODE = wholemodule;
				SWIFT_OPTIMIZATION_LEVEL = "-O";
				VALIDATE_PRODUCT = YES;
			};
			name = Release;
		};
		687362E527B152D9003D1D8B /* Debug */ = {
			isa = XCBuildConfiguration;
			baseConfigurationReference = 7AE0D622043143A6FC49D5CD /* Pods-Notepad.debug.xcconfig */;
			buildSettings = {
				ASSETCATALOG_COMPILER_APPICON_NAME = AppIcon;
				ASSETCATALOG_COMPILER_GLOBAL_ACCENT_COLOR_NAME = AccentColor;
				CODE_SIGN_STYLE = Automatic;
				CURRENT_PROJECT_VERSION = 1;
				GENERATE_INFOPLIST_FILE = YES;
				INFOPLIST_FILE = Notepad/Info.plist;
				INFOPLIST_KEY_UIApplicationSupportsIndirectInputEvents = YES;
				INFOPLIST_KEY_UILaunchStoryboardName = LaunchScreen;
				INFOPLIST_KEY_UIMainStoryboardFile = Main;
				INFOPLIST_KEY_UIStatusBarHidden = NO;
				INFOPLIST_KEY_UISupportedInterfaceOrientations_iPad = "UIInterfaceOrientationPortrait UIInterfaceOrientationPortraitUpsideDown UIInterfaceOrientationLandscapeLeft UIInterfaceOrientationLandscapeRight";
				INFOPLIST_KEY_UISupportedInterfaceOrientations_iPhone = "UIInterfaceOrientationPortrait UIInterfaceOrientationLandscapeLeft UIInterfaceOrientationLandscapeRight";
				LD_RUNPATH_SEARCH_PATHS = (
					"$(inherited)",
					"@executable_path/Frameworks",
				);
				MARKETING_VERSION = 1.0;
				PRODUCT_BUNDLE_IDENTIFIER = cn.william.Notepad;
				PRODUCT_NAME = "$(TARGET_NAME)";
				SWIFT_EMIT_LOC_STRINGS = YES;
				SWIFT_VERSION = 5.0;
				TARGETED_DEVICE_FAMILY = "1,2";
			};
			name = Debug;
		};
		687362E627B152D9003D1D8B /* Release */ = {
			isa = XCBuildConfiguration;
			baseConfigurationReference = ACEA4DE48D143669DE3BB491 /* Pods-Notepad.release.xcconfig */;
			buildSettings = {
				ASSETCATALOG_COMPILER_APPICON_NAME = AppIcon;
				ASSETCATALOG_COMPILER_GLOBAL_ACCENT_COLOR_NAME = AccentColor;
				CODE_SIGN_STYLE = Automatic;
				CURRENT_PROJECT_VERSION = 1;
				GENERATE_INFOPLIST_FILE = YES;
				INFOPLIST_FILE = Notepad/Info.plist;
				INFOPLIST_KEY_UIApplicationSupportsIndirectInputEvents = YES;
				INFOPLIST_KEY_UILaunchStoryboardName = LaunchScreen;
				INFOPLIST_KEY_UIMainStoryboardFile = Main;
				INFOPLIST_KEY_UIStatusBarHidden = NO;
				INFOPLIST_KEY_UISupportedInterfaceOrientations_iPad = "UIInterfaceOrientationPortrait UIInterfaceOrientationPortraitUpsideDown UIInterfaceOrientationLandscapeLeft UIInterfaceOrientationLandscapeRight";
				INFOPLIST_KEY_UISupportedInterfaceOrientations_iPhone = "UIInterfaceOrientationPortrait UIInterfaceOrientationLandscapeLeft UIInterfaceOrientationLandscapeRight";
				LD_RUNPATH_SEARCH_PATHS = (
					"$(inherited)",
					"@executable_path/Frameworks",
				);
				MARKETING_VERSION = 1.0;
				PRODUCT_BUNDLE_IDENTIFIER = cn.william.Notepad;
				PRODUCT_NAME = "$(TARGET_NAME)";
				SWIFT_EMIT_LOC_STRINGS = YES;
				SWIFT_VERSION = 5.0;
				TARGETED_DEVICE_FAMILY = "1,2";
			};
			name = Release;
		};
		687362E827B152D9003D1D8B /* Debug */ = {
			isa = XCBuildConfiguration;
			buildSettings = {
				ALWAYS_EMBED_SWIFT_STANDARD_LIBRARIES = YES;
				BUNDLE_LOADER = "$(TEST_HOST)";
				CODE_SIGN_STYLE = Automatic;
				CURRENT_PROJECT_VERSION = 1;
				GENERATE_INFOPLIST_FILE = YES;
				IPHONEOS_DEPLOYMENT_TARGET = 15.2;
				MARKETING_VERSION = 1.0;
				PRODUCT_BUNDLE_IDENTIFIER = cn.william.NotepadTests;
				PRODUCT_NAME = "$(TARGET_NAME)";
				SWIFT_EMIT_LOC_STRINGS = NO;
				SWIFT_VERSION = 5.0;
				TARGETED_DEVICE_FAMILY = "1,2";
				TEST_HOST = "$(BUILT_PRODUCTS_DIR)/Notepad.app/Notepad";
			};
			name = Debug;
		};
		687362E927B152D9003D1D8B /* Release */ = {
			isa = XCBuildConfiguration;
			buildSettings = {
				ALWAYS_EMBED_SWIFT_STANDARD_LIBRARIES = YES;
				BUNDLE_LOADER = "$(TEST_HOST)";
				CODE_SIGN_STYLE = Automatic;
				CURRENT_PROJECT_VERSION = 1;
				GENERATE_INFOPLIST_FILE = YES;
				IPHONEOS_DEPLOYMENT_TARGET = 15.2;
				MARKETING_VERSION = 1.0;
				PRODUCT_BUNDLE_IDENTIFIER = cn.william.NotepadTests;
				PRODUCT_NAME = "$(TARGET_NAME)";
				SWIFT_EMIT_LOC_STRINGS = NO;
				SWIFT_VERSION = 5.0;
				TARGETED_DEVICE_FAMILY = "1,2";
				TEST_HOST = "$(BUILT_PRODUCTS_DIR)/Notepad.app/Notepad";
			};
			name = Release;
		};
		687362EB27B152D9003D1D8B /* Debug */ = {
			isa = XCBuildConfiguration;
			buildSettings = {
				ALWAYS_EMBED_SWIFT_STANDARD_LIBRARIES = YES;
				CODE_SIGN_STYLE = Automatic;
				CURRENT_PROJECT_VERSION = 1;
				GENERATE_INFOPLIST_FILE = YES;
				MARKETING_VERSION = 1.0;
				PRODUCT_BUNDLE_IDENTIFIER = cn.william.NotepadUITests;
				PRODUCT_NAME = "$(TARGET_NAME)";
				SWIFT_EMIT_LOC_STRINGS = NO;
				SWIFT_VERSION = 5.0;
				TARGETED_DEVICE_FAMILY = "1,2";
				TEST_TARGET_NAME = Notepad;
			};
			name = Debug;
		};
		687362EC27B152D9003D1D8B /* Release */ = {
			isa = XCBuildConfiguration;
			buildSettings = {
				ALWAYS_EMBED_SWIFT_STANDARD_LIBRARIES = YES;
				CODE_SIGN_STYLE = Automatic;
				CURRENT_PROJECT_VERSION = 1;
				GENERATE_INFOPLIST_FILE = YES;
				MARKETING_VERSION = 1.0;
				PRODUCT_BUNDLE_IDENTIFIER = cn.william.NotepadUITests;
				PRODUCT_NAME = "$(TARGET_NAME)";
				SWIFT_EMIT_LOC_STRINGS = NO;
				SWIFT_VERSION = 5.0;
				TARGETED_DEVICE_FAMILY = "1,2";
				TEST_TARGET_NAME = Notepad;
			};
			name = Release;
		};
/* End XCBuildConfiguration section */

/* Begin XCConfigurationList section */
		687362B227B152D7003D1D8B /* Build configuration list for PBXProject "Notepad" */ = {
			isa = XCConfigurationList;
			buildConfigurations = (
				687362E227B152D9003D1D8B /* Debug */,
				687362E327B152D9003D1D8B /* Release */,
			);
			defaultConfigurationIsVisible = 0;
			defaultConfigurationName = Release;
		};
		687362E427B152D9003D1D8B /* Build configuration list for PBXNativeTarget "Notepad" */ = {
			isa = XCConfigurationList;
			buildConfigurations = (
				687362E527B152D9003D1D8B /* Debug */,
				687362E627B152D9003D1D8B /* Release */,
			);
			defaultConfigurationIsVisible = 0;
			defaultConfigurationName = Release;
		};
		687362E727B152D9003D1D8B /* Build configuration list for PBXNativeTarget "NotepadTests" */ = {
			isa = XCConfigurationList;
			buildConfigurations = (
				687362E827B152D9003D1D8B /* Debug */,
				687362E927B152D9003D1D8B /* Release */,
			);
			defaultConfigurationIsVisible = 0;
			defaultConfigurationName = Release;
		};
		687362EA27B152D9003D1D8B /* Build configuration list for PBXNativeTarget "NotepadUITests" */ = {
			isa = XCConfigurationList;
			buildConfigurations = (
				687362EB27B152D9003D1D8B /* Debug */,
				687362EC27B152D9003D1D8B /* Release */,
			);
			defaultConfigurationIsVisible = 0;
			defaultConfigurationName = Release;
		};
/* End XCConfigurationList section */

/* Begin XCVersionGroup section */
		687362C327B152D7003D1D8B /* Notepad.xcdatamodeld */ = {
			isa = XCVersionGroup;
			children = (
				687362C427B152D7003D1D8B /* Notepad.xcdatamodel */,
			);
			currentVersion = 687362C427B152D7003D1D8B /* Notepad.xcdatamodel */;
			path = Notepad.xcdatamodeld;
			sourceTree = "<group>";
			versionGroupType = wrapper.xcdatamodel;
		};
/* End XCVersionGroup section */
	};
	rootObject = 687362AF27B152D7003D1D8B /* Project object */;
}
